
Microsoft Visual Studio Solution File, Format Version 12.00
# Visual Studio 2012
Project("{FAE04EC0-301F-11D3-BF4B-00C04F79EFBC}") = "_Sell", "_Sell\_Sell.csproj", "{626D3081-0283-4B1F-889B-C3C06429A834}"
EndProject
Global
	GlobalSection(CodealikeProperties) = postSolution
		SolutionGuid = a14ed4e3-3c54-4960-bfeb-1cf7bc96da70
	EndGlobalSection
	GlobalSection(SolutionConfigurationPlatforms) = preSolution
		Debug|Any CPU = Debug|Any CPU
		Release|Any CPU = Release|Any CPU
	EndGlobalSection
	GlobalSection(ProjectConfigurationPlatforms) = postSolution
		{626D3081-0283-4B1F-889B-C3C06429A834}.Debug|Any CPU.ActiveCfg = Debug|Any CPU
		{626D3081-0283-4B1F-889B-C3C06429A834}.Debug|Any CPU.Build.0 = Debug|Any CPU
		{626D3081-0283-4B1F-889B-C3C06429A834}.Release|Any CPU.ActiveCfg = Release|Any CPU
		{626D3081-0283-4B1F-889B-C3C06429A834}.Release|Any CPU.Build.0 = Release|Any CPU
	EndGlobalSection
	GlobalSection(SolutionProperties) = preSolution
		HideSolutionNode = FALSE
	EndGlobalSection
EndGlobal
